
Microsoft Visual Studio Solution File, Format Version 12.00
# Visual Studio 15
VisualStudioVersion = 15.0.27130.2020
MinimumVisualStudioVersion = 10.0.40219.1
Project("{FAE04EC0-301F-11D3-BF4B-00C04F79EFBC}") = "ReviewTravelSiteMVC", "ReviewTravelSiteMVC\ReviewTravelSiteMVC.csproj", "{CE8149A2-6AE1-4419-A893-A19CED03971E}"
EndProject
Global
	GlobalSection(SolutionConfigurationPlatforms) = preSolution
		Debug|Any CPU = Debug|Any CPU
		Release|Any CPU = Release|Any CPU
	EndGlobalSection
	GlobalSection(ProjectConfigurationPlatforms) = postSolution
		{CE8149A2-6AE1-4419-A893-A19CED03971E}.Debug|Any CPU.ActiveCfg = Debug|Any CPU
		{CE8149A2-6AE1-4419-A893-A19CED03971E}.Debug|Any CPU.Build.0 = Debug|Any CPU
		{CE8149A2-6AE1-4419-A893-A19CED03971E}.Release|Any CPU.ActiveCfg = Release|Any CPU
		{CE8149A2-6AE1-4419-A893-A19CED03971E}.Release|Any CPU.Build.0 = Release|Any CPU
	EndGlobalSection
	GlobalSection(SolutionProperties) = preSolution
		HideSolutionNode = FALSE
	EndGlobalSection
	GlobalSection(ExtensibilityGlobals) = postSolution
		SolutionGuid = {7AAEB10D-A1A8-44DC-9FCA-34044DB233DF}
	EndGlobalSection
EndGlobal
